
Microsoft Visual Studio Solution File, Format Version 12.00
# Visual Studio Version 16
VisualStudioVersion = 16.0.30717.126
MinimumVisualStudioVersion = 10.0.40219.1
Project("{9A19103F-16F7-4668-BE54-9A1E7A4F7556}") = "BlackFriday", "BlackFriday\BlackFriday.csproj", "{55A97260-70B7-490A-9578-7BFC58C9B3D6}"
EndProject
Project("{9A19103F-16F7-4668-BE54-9A1E7A4F7556}") = "IEGEasyCreditCardService", "IEGEasyCreditCardService\IEGEasyCreditCardService.csproj", "{2E7B89A5-C69E-4D82-AD7F-25F49789B557}"
EndProject
Project("{9A19103F-16F7-4668-BE54-9A1E7A4F7556}") = "ProductCatalog", "ProductCatalog\ProductCatalog.csproj", "{827F9A07-4982-4DF0-9859-83AC820E4CBF}"
EndProject
Project("{9A19103F-16F7-4668-BE54-9A1E7A4F7556}") = "ProductCatalogFTP", "ProductCatalogFTP\ProductCatalogFTP.csproj", "{D0A68ABC-3DDF-4F07-B418-4A5199FF643D}"
EndProject
Project("{9A19103F-16F7-4668-BE54-9A1E7A4F7556}") = "PaymentService", "Payment\PaymentService.csproj", "{7B83107C-838A-430B-95BA-8C48FE905F76}"
EndProject
Project("{9A19103F-16F7-4668-BE54-9A1E7A4F7556}") = "IEGEasyCreditCardRobinService", "IEGEasyCreditCardRobinService\IEGEasyCreditCardRobinService.csproj", "{4ED29DD7-F4A6-48AE-B96A-C36D602D8984}"
EndProject
Project("{FAE04EC0-301F-11D3-BF4B-00C04F79EFBC}") = "Logging", "Logging\Logging.csproj", "{95B6F5A3-CEB2-4D7A-82C4-5CF423251612}"
EndProject
Global
	GlobalSection(SolutionConfigurationPlatforms) = preSolution
		Debug|Any CPU = Debug|Any CPU
		Release|Any CPU = Release|Any CPU
	EndGlobalSection
	GlobalSection(ProjectConfigurationPlatforms) = postSolution
		{55A97260-70B7-490A-9578-7BFC58C9B3D6}.Debug|Any CPU.ActiveCfg = Debug|Any CPU
		{55A97260-70B7-490A-9578-7BFC58C9B3D6}.Debug|Any CPU.Build.0 = Debug|Any CPU
		{55A97260-70B7-490A-9578-7BFC58C9B3D6}.Release|Any CPU.ActiveCfg = Release|Any CPU
		{55A97260-70B7-490A-9578-7BFC58C9B3D6}.Release|Any CPU.Build.0 = Release|Any CPU
		{2E7B89A5-C69E-4D82-AD7F-25F49789B557}.Debug|Any CPU.ActiveCfg = Debug|Any CPU
		{2E7B89A5-C69E-4D82-AD7F-25F49789B557}.Debug|Any CPU.Build.0 = Debug|Any CPU
		{2E7B89A5-C69E-4D82-AD7F-25F49789B557}.Release|Any CPU.ActiveCfg = Release|Any CPU
		{2E7B89A5-C69E-4D82-AD7F-25F49789B557}.Release|Any CPU.Build.0 = Release|Any CPU
		{827F9A07-4982-4DF0-9859-83AC820E4CBF}.Debug|Any CPU.ActiveCfg = Debug|Any CPU
		{827F9A07-4982-4DF0-9859-83AC820E4CBF}.Debug|Any CPU.Build.0 = Debug|Any CPU
		{827F9A07-4982-4DF0-9859-83AC820E4CBF}.Release|Any CPU.ActiveCfg = Release|Any CPU
		{827F9A07-4982-4DF0-9859-83AC820E4CBF}.Release|Any CPU.Build.0 = Release|Any CPU
		{D0A68ABC-3DDF-4F07-B418-4A5199FF643D}.Debug|Any CPU.ActiveCfg = Debug|Any CPU
		{D0A68ABC-3DDF-4F07-B418-4A5199FF643D}.Debug|Any CPU.Build.0 = Debug|Any CPU
		{D0A68ABC-3DDF-4F07-B418-4A5199FF643D}.Release|Any CPU.ActiveCfg = Release|Any CPU
		{D0A68ABC-3DDF-4F07-B418-4A5199FF643D}.Release|Any CPU.Build.0 = Release|Any CPU
		{7B83107C-838A-430B-95BA-8C48FE905F76}.Debug|Any CPU.ActiveCfg = Debug|Any CPU
		{7B83107C-838A-430B-95BA-8C48FE905F76}.Debug|Any CPU.Build.0 = Debug|Any CPU
		{7B83107C-838A-430B-95BA-8C48FE905F76}.Release|Any CPU.ActiveCfg = Release|Any CPU
		{7B83107C-838A-430B-95BA-8C48FE905F76}.Release|Any CPU.Build.0 = Release|Any CPU
		{4ED29DD7-F4A6-48AE-B96A-C36D602D8984}.Debug|Any CPU.ActiveCfg = Debug|Any CPU
		{4ED29DD7-F4A6-48AE-B96A-C36D602D8984}.Debug|Any CPU.Build.0 = Debug|Any CPU
		{4ED29DD7-F4A6-48AE-B96A-C36D602D8984}.Release|Any CPU.ActiveCfg = Release|Any CPU
		{4ED29DD7-F4A6-48AE-B96A-C36D602D8984}.Release|Any CPU.Build.0 = Release|Any CPU
		{95B6F5A3-CEB2-4D7A-82C4-5CF423251612}.Debug|Any CPU.ActiveCfg = Debug|Any CPU
		{95B6F5A3-CEB2-4D7A-82C4-5CF423251612}.Debug|Any CPU.Build.0 = Debug|Any CPU
		{95B6F5A3-CEB2-4D7A-82C4-5CF423251612}.Release|Any CPU.ActiveCfg = Release|Any CPU
		{95B6F5A3-CEB2-4D7A-82C4-5CF423251612}.Release|Any CPU.Build.0 = Release|Any CPU
	EndGlobalSection
	GlobalSection(SolutionProperties) = preSolution
		HideSolutionNode = FALSE
	EndGlobalSection
	GlobalSection(ExtensibilityGlobals) = postSolution
		SolutionGuid = {3C31E0F8-78F5-4233-9E5F-B8C28EE63861}
	EndGlobalSection
EndGlobal
