
Microsoft Visual Studio Solution File, Format Version 12.00
# Visual Studio Version 16
VisualStudioVersion = 16.0.29509.3
MinimumVisualStudioVersion = 10.0.40219.1
Project("{9A19103F-16F7-4668-BE54-9A1E7A4F7556}") = "ApplicationLog", "ApplicationLog\ApplicationLog.csproj", "{51C65E59-1C55-438D-BCE5-BBFB616AE817}"
EndProject
Project("{9A19103F-16F7-4668-BE54-9A1E7A4F7556}") = "BlackFriday", "BlackFriday\BlackFriday.csproj", "{2A992E0A-71B8-4277-B712-D4E785FD67E9}"
EndProject
Project("{9A19103F-16F7-4668-BE54-9A1E7A4F7556}") = "GenericItemCatalog", "GenericItemCatalog\GenericItemCatalog.csproj", "{2DD21741-4637-43F9-BF31-EAF598D27FCA}"
EndProject
Project("{9A19103F-16F7-4668-BE54-9A1E7A4F7556}") = "GenericItemCatalogFTP", "GenericItemCatalogFTP\GenericItemCatalogFTP.csproj", "{7B653076-5E16-4A01-833D-D4820913E2D2}"
EndProject
Project("{9A19103F-16F7-4668-BE54-9A1E7A4F7556}") = "IEGEasyCreditCardRobin", "IEGEasyCreditCardRobin\IEGEasyCreditCardRobin.csproj", "{831C0629-EF18-4ABB-9283-6847D02EF430}"
EndProject
Project("{9A19103F-16F7-4668-BE54-9A1E7A4F7556}") = "IEGEasyCreditCardService", "IEGEasyCreditCardService\IEGEasyCreditCardService.csproj", "{04B65B7C-CEEF-467D-AC11-377116B5BE26}"
EndProject
Project("{FAE04EC0-301F-11D3-BF4B-00C04F79EFBC}") = "Paymentservice", "Paymentservice\Paymentservice.csproj", "{20890099-0DA6-4FB8-9B8D-3C9F75167541}"
EndProject
Global
	GlobalSection(SolutionConfigurationPlatforms) = preSolution
		Debug|Any CPU = Debug|Any CPU
		Release|Any CPU = Release|Any CPU
	EndGlobalSection
	GlobalSection(ProjectConfigurationPlatforms) = postSolution
		{51C65E59-1C55-438D-BCE5-BBFB616AE817}.Debug|Any CPU.ActiveCfg = Debug|Any CPU
		{51C65E59-1C55-438D-BCE5-BBFB616AE817}.Debug|Any CPU.Build.0 = Debug|Any CPU
		{51C65E59-1C55-438D-BCE5-BBFB616AE817}.Release|Any CPU.ActiveCfg = Release|Any CPU
		{51C65E59-1C55-438D-BCE5-BBFB616AE817}.Release|Any CPU.Build.0 = Release|Any CPU
		{2A992E0A-71B8-4277-B712-D4E785FD67E9}.Debug|Any CPU.ActiveCfg = Debug|Any CPU
		{2A992E0A-71B8-4277-B712-D4E785FD67E9}.Debug|Any CPU.Build.0 = Debug|Any CPU
		{2A992E0A-71B8-4277-B712-D4E785FD67E9}.Release|Any CPU.ActiveCfg = Release|Any CPU
		{2A992E0A-71B8-4277-B712-D4E785FD67E9}.Release|Any CPU.Build.0 = Release|Any CPU
		{2DD21741-4637-43F9-BF31-EAF598D27FCA}.Debug|Any CPU.ActiveCfg = Debug|Any CPU
		{2DD21741-4637-43F9-BF31-EAF598D27FCA}.Debug|Any CPU.Build.0 = Debug|Any CPU
		{2DD21741-4637-43F9-BF31-EAF598D27FCA}.Release|Any CPU.ActiveCfg = Release|Any CPU
		{2DD21741-4637-43F9-BF31-EAF598D27FCA}.Release|Any CPU.Build.0 = Release|Any CPU
		{7B653076-5E16-4A01-833D-D4820913E2D2}.Debug|Any CPU.ActiveCfg = Debug|Any CPU
		{7B653076-5E16-4A01-833D-D4820913E2D2}.Debug|Any CPU.Build.0 = Debug|Any CPU
		{7B653076-5E16-4A01-833D-D4820913E2D2}.Release|Any CPU.ActiveCfg = Release|Any CPU
		{7B653076-5E16-4A01-833D-D4820913E2D2}.Release|Any CPU.Build.0 = Release|Any CPU
		{831C0629-EF18-4ABB-9283-6847D02EF430}.Debug|Any CPU.ActiveCfg = Debug|Any CPU
		{831C0629-EF18-4ABB-9283-6847D02EF430}.Debug|Any CPU.Build.0 = Debug|Any CPU
		{831C0629-EF18-4ABB-9283-6847D02EF430}.Release|Any CPU.ActiveCfg = Release|Any CPU
		{831C0629-EF18-4ABB-9283-6847D02EF430}.Release|Any CPU.Build.0 = Release|Any CPU
		{04B65B7C-CEEF-467D-AC11-377116B5BE26}.Debug|Any CPU.ActiveCfg = Debug|Any CPU
		{04B65B7C-CEEF-467D-AC11-377116B5BE26}.Debug|Any CPU.Build.0 = Debug|Any CPU
		{04B65B7C-CEEF-467D-AC11-377116B5BE26}.Release|Any CPU.ActiveCfg = Release|Any CPU
		{04B65B7C-CEEF-467D-AC11-377116B5BE26}.Release|Any CPU.Build.0 = Release|Any CPU
		{20890099-0DA6-4FB8-9B8D-3C9F75167541}.Debug|Any CPU.ActiveCfg = Debug|Any CPU
		{20890099-0DA6-4FB8-9B8D-3C9F75167541}.Debug|Any CPU.Build.0 = Debug|Any CPU
		{20890099-0DA6-4FB8-9B8D-3C9F75167541}.Release|Any CPU.ActiveCfg = Release|Any CPU
		{20890099-0DA6-4FB8-9B8D-3C9F75167541}.Release|Any CPU.Build.0 = Release|Any CPU
	EndGlobalSection
	GlobalSection(SolutionProperties) = preSolution
		HideSolutionNode = FALSE
	EndGlobalSection
	GlobalSection(ExtensibilityGlobals) = postSolution
		SolutionGuid = {3C31E0F8-78F5-4233-9E5F-B8C28EE63861}
	EndGlobalSection
EndGlobal
